
Microsoft Visual Studio Solution File, Format Version 12.00
# Visual Studio Version 17
VisualStudioVersion = 17.14.36202.13 d17.14
MinimumVisualStudioVersion = 10.0.40219.1
Project("{FAE04EC0-301F-11D3-BF4B-00C04F79EFBC}") = "ExpenseClaimProject", "ExpenseClaimProject.csproj", "{8E34DB01-600F-1ACD-85F6-F1CD34420B98}"
EndProject
Project("{A9E3F50B-275E-4AF7-ADCE-8BE12D41E305}") = "M365Agent", "M365Agent\M365Agent.atkproj", "{B069B3BD-F6BC-CC40-82AB-3FCC2EA50FDF}"
EndProject
Global
	GlobalSection(SolutionConfigurationPlatforms) = preSolution
		Debug|Any CPU = Debug|Any CPU
		Release|Any CPU = Release|Any CPU
	EndGlobalSection
	GlobalSection(ProjectConfigurationPlatforms) = postSolution
		{8E34DB01-600F-1ACD-85F6-F1CD34420B98}.Debug|Any CPU.ActiveCfg = Debug|Any CPU
		{8E34DB01-600F-1ACD-85F6-F1CD34420B98}.Debug|Any CPU.Build.0 = Debug|Any CPU
		{8E34DB01-600F-1ACD-85F6-F1CD34420B98}.Release|Any CPU.ActiveCfg = Release|Any CPU
		{8E34DB01-600F-1ACD-85F6-F1CD34420B98}.Release|Any CPU.Build.0 = Release|Any CPU
		{B069B3BD-F6BC-CC40-82AB-3FCC2EA50FDF}.Debug|Any CPU.ActiveCfg = Debug|Any CPU
		{B069B3BD-F6BC-CC40-82AB-3FCC2EA50FDF}.Debug|Any CPU.Build.0 = Debug|Any CPU
		{B069B3BD-F6BC-CC40-82AB-3FCC2EA50FDF}.Debug|Any CPU.Deploy.0 = Debug|Any CPU
		{B069B3BD-F6BC-CC40-82AB-3FCC2EA50FDF}.Release|Any CPU.ActiveCfg = Release|Any CPU
		{B069B3BD-F6BC-CC40-82AB-3FCC2EA50FDF}.Release|Any CPU.Build.0 = Release|Any CPU
		{B069B3BD-F6BC-CC40-82AB-3FCC2EA50FDF}.Release|Any CPU.Deploy.0 = Release|Any CPU
	EndGlobalSection
	GlobalSection(SolutionProperties) = preSolution
		HideSolutionNode = FALSE
	EndGlobalSection
	GlobalSection(ExtensibilityGlobals) = postSolution
		SolutionGuid = {6C6284DE-A299-47DC-8947-E7E917E52041}
	EndGlobalSection
EndGlobal
